// !$*UTF8*$!
{
	archiveVersion = 1;
	classes = {
	};
	objectVersion = 56;
	objects = {

/* Begin PBXBuildFile section */
		F592DA5C2D10979000F8C4CD /* drawlotsApp.swift in Sources */ = {isa = PBXBuildFile; fileRef = F592DA5B2D10979000F8C4CD /* drawlotsApp.swift */; };
		F592DA5E2D10979000F8C4CD /* ContentView.swift in Sources */ = {isa = PBXBuildFile; fileRef = F592DA5D2D10979000F8C4CD /* ContentView.swift */; };
		F592DA602D10979300F8C4CD /* Assets.xcassets in Resources */ = {isa = PBXBuildFile; fileRef = F592DA5F2D10979300F8C4CD /* Assets.xcassets */; };
		F592DA632D10979300F8C4CD /* Preview Assets.xcassets in Resources */ = {isa = PBXBuildFile; fileRef = F592DA622D10979300F8C4CD /* Preview Assets.xcassets */; };
		F592DA6D2D10979300F8C4CD /* drawlotsTests.swift in Sources */ = {isa = PBXBuildFile; fileRef = F592DA6C2D10979300F8C4CD /* drawlotsTests.swift */; };
		F592DA772D10979300F8C4CD /* drawlotsUITests.swift in Sources */ = {isa = PBXBuildFile; fileRef = F592DA762D10979300F8C4CD /* drawlotsUITests.swift */; };
		F592DA792D10979300F8C4CD /* drawlotsUITestsLaunchTests.swift in Sources */ = {isa = PBXBuildFile; fileRef = F592DA782D10979300F8C4CD /* drawlotsUITestsLaunchTests.swift */; };
/* End PBXBuildFile section */

/* Begin PBXContainerItemProxy section */
		F592DA692D10979300F8C4CD /* PBXContainerItemProxy */ = {
			isa = PBXContainerItemProxy;
			containerPortal = F592DA502D10979000F8C4CD /* Project object */;
			proxyType = 1;
			remoteGlobalIDString = F592DA572D10979000F8C4CD;
			remoteInfo = drawlots;
		};
		F592DA732D10979300F8C4CD /* PBXContainerItemProxy */ = {
			isa = PBXContainerItemProxy;
			containerPortal = F592DA502D10979000F8C4CD /* Project object */;
			proxyType = 1;
			remoteGlobalIDString = F592DA572D10979000F8C4CD;
			remoteInfo = drawlots;
		};
/* End PBXContainerItemProxy section */

/* Begin PBXFileReference section */
		F592DA582D10979000F8C4CD /* drawlots.app */ = {isa = PBXFileReference; explicitFileType = wrapper.application; includeInIndex = 0; path = drawlots.app; sourceTree = BUILT_PRODUCTS_DIR; };
		F592DA5B2D10979000F8C4CD /* drawlotsApp.swift */ = {isa = PBXFileReference; lastKnownFileType = sourcecode.swift; path = drawlotsApp.swift; sourceTree = "<group>"; };
		F592DA5D2D10979000F8C4CD /* ContentView.swift */ = {isa = PBXFileReference; lastKnownFileType = sourcecode.swift; path = ContentView.swift; sourceTree = "<group>"; };
		F592DA5F2D10979300F8C4CD /* Assets.xcassets */ = {isa = PBXFileReference; lastKnownFileType = folder.assetcatalog; path = Assets.xcassets; sourceTree = "<group>"; };
		F592DA622D10979300F8C4CD /* Preview Assets.xcassets */ = {isa = PBXFileReference; lastKnownFileType = folder.assetcatalog; path = "Preview Assets.xcassets"; sourceTree = "<group>"; };
		F592DA682D10979300F8C4CD /* drawlotsTests.xctest */ = {isa = PBXFileReference; explicitFileType = wrapper.cfbundle; includeInIndex = 0; path = drawlotsTests.xctest; sourceTree = BUILT_PRODUCTS_DIR; };
		F592DA6C2D10979300F8C4CD /* drawlotsTests.swift */ = {isa = PBXFileReference; lastKnownFileType = sourcecode.swift; path = drawlotsTests.swift; sourceTree = "<group>"; };
		F592DA722D10979300F8C4CD /* drawlotsUITests.xctest */ = {isa = PBXFileReference; explicitFileType = wrapper.cfbundle; includeInIndex = 0; path = drawlotsUITests.xctest; sourceTree = BUILT_PRODUCTS_DIR; };
		F592DA762D10979300F8C4CD /* drawlotsUITests.swift */ = {isa = PBXFileReference; lastKnownFileType = sourcecode.swift; path = drawlotsUITests.swift; sourceTree = "<group>"; };
		F592DA782D10979300F8C4CD /* drawlotsUITestsLaunchTests.swift */ = {isa = PBXFileReference; lastKnownFileType = sourcecode.swift; path = drawlotsUITestsLaunchTests.swift; sourceTree = "<group>"; };
		F592DA872D10A3EB00F8C4CD /* Info.plist */ = {isa = PBXFileReference; lastKnownFileType = text.plist.xml; path = Info.plist; sourceTree = "<group>"; };
/* End PBXFileReference section */

/* Begin PBXFrameworksBuildPhase section */
		F592DA552D10979000F8C4CD /* Frameworks */ = {
			isa = PBXFrameworksBuildPhase;
			buildActionMask = 2147483647;
			files = (
			);
			runOnlyForDeploymentPostprocessing = 0;
		};
		F592DA652D10979300F8C4CD /* Frameworks */ = {
			isa = PBXFrameworksBuildPhase;
			buildActionMask = 2147483647;
			files = (
			);
			runOnlyForDeploymentPostprocessing = 0;
		};
		F592DA6F2D10979300F8C4CD /* Frameworks */ = {
			isa = PBXFrameworksBuildPhase;
			buildActionMask = 2147483647;
			files = (
			);
			runOnlyForDeploymentPostprocessing = 0;
		};
/* End PBXFrameworksBuildPhase section */

/* Begin PBXGroup section */
		F592DA4F2D10979000F8C4CD = {
			isa = PBXGroup;
			children = (
				F592DA5A2D10979000F8C4CD /* drawlots */,
				F592DA6B2D10979300F8C4CD /* drawlotsTests */,
				F592DA752D10979300F8C4CD /* drawlotsUITests */,
				F592DA592D10979000F8C4CD /* Products */,
			);
			sourceTree = "<group>";
		};
		F592DA592D10979000F8C4CD /* Products */ = {
			isa = PBXGroup;
			children = (
				F592DA582D10979000F8C4CD /* drawlots.app */,
				F592DA682D10979300F8C4CD /* drawlotsTests.xctest */,
				F592DA722D10979300F8C4CD /* drawlotsUITests.xctest */,
			);
			name = Products;
			sourceTree = "<group>";
		};
		F592DA5A2D10979000F8C4CD /* drawlots */ = {
			isa = PBXGroup;
			children = (
				F592DA872D10A3EB00F8C4CD /* Info.plist */,
				F592DA5B2D10979000F8C4CD /* drawlotsApp.swift */,
				F592DA5D2D10979000F8C4CD /* ContentView.swift */,
				F592DA5F2D10979300F8C4CD /* Assets.xcassets */,
				F592DA612D10979300F8C4CD /* Preview Content */,
			);
			path = drawlots;
			sourceTree = "<group>";
		};
		F592DA612D10979300F8C4CD /* Preview Content */ = {
			isa = PBXGroup;
			children = (
				F592DA622D10979300F8C4CD /* Preview Assets.xcassets */,
			);
			path = "Preview Content";
			sourceTree = "<group>";
		};
		F592DA6B2D10979300F8C4CD /* drawlotsTests */ = {
			isa = PBXGroup;
			children = (
				F592DA6C2D10979300F8C4CD /* drawlotsTests.swift */,
			);
			path = drawlotsTests;
			sourceTree = "<group>";
		};
		F592DA752D10979300F8C4CD /* drawlotsUITests */ = {
			isa = PBXGroup;
			children = (
				F592DA762D10979300F8C4CD /* drawlotsUITests.swift */,
				F592DA782D10979300F8C4CD /* drawlotsUITestsLaunchTests.swift */,
			);
			path = drawlotsUITests;
			sourceTree = "<group>";
		};
/* End PBXGroup section */

/* Begin PBXNativeTarget section */
		F592DA572D10979000F8C4CD /* drawlots */ = {
			isa = PBXNativeTarget;
			buildConfigurationList = F592DA7C2D10979300F8C4CD /* Build configuration list for PBXNativeTarget "drawlots" */;
			buildPhases = (
				F592DA542D10979000F8C4CD /* Sources */,
				F592DA552D10979000F8C4CD /* Frameworks */,
				F592DA562D10979000F8C4CD /* Resources */,
			);
			buildRules = (
			);
			dependencies = (
			);
			name = drawlots;
			productName = drawlots;
			productReference = F592DA582D10979000F8C4CD /* drawlots.app */;
			productType = "com.apple.product-type.application";
		};
		F592DA672D10979300F8C4CD /* drawlotsTests */ = {
			isa = PBXNativeTarget;
			buildConfigurationList = F592DA7F2D10979300F8C4CD /* Build configuration list for PBXNativeTarget "drawlotsTests" */;
			buildPhases = (
				F592DA642D10979300F8C4CD /* Sources */,
				F592DA652D10979300F8C4CD /* Frameworks */,
				F592DA662D10979300F8C4CD /* Resources */,
			);
			buildRules = (
			);
			dependencies = (
				F592DA6A2D10979300F8C4CD /* PBXTargetDependency */,
			);
			name = drawlotsTests;
			productName = drawlotsTests;
			productReference = F592DA682D10979300F8C4CD /* drawlotsTests.xctest */;
			productType = "com.apple.product-type.bundle.unit-test";
		};
		F592DA712D10979300F8C4CD /* drawlotsUITests */ = {
			isa = PBXNativeTarget;
			buildConfigurationList = F592DA822D10979300F8C4CD /* Build configuration list for PBXNativeTarget "drawlotsUITests" */;
			buildPhases = (
				F592DA6E2D10979300F8C4CD /* Sources */,
				F592DA6F2D10979300F8C4CD /* Frameworks */,
				F592DA702D10979300F8C4CD /* Resources */,
			);
			buildRules = (
			);
			dependencies = (
				F592DA742D10979300F8C4CD /* PBXTargetDependency */,
			);
			name = drawlotsUITests;
			productName = drawlotsUITests;
			productReference = F592DA722D10979300F8C4CD /* drawlotsUITests.xctest */;
			productType = "com.apple.product-type.bundle.ui-testing";
		};
/* End PBXNativeTarget section */

/* Begin PBXProject section */
		F592DA502D10979000F8C4CD /* Project object */ = {
			isa = PBXProject;
			attributes = {
				BuildIndependentTargetsInParallel = 1;
				LastSwiftUpdateCheck = 1540;
				LastUpgradeCheck = 1540;
				TargetAttributes = {
					F592DA572D10979000F8C4CD = {
						CreatedOnToolsVersion = 15.4;
					};
					F592DA672D10979300F8C4CD = {
						CreatedOnToolsVersion = 15.4;
						TestTargetID = F592DA572D10979000F8C4CD;
					};
					F592DA712D10979300F8C4CD = {
						CreatedOnToolsVersion = 15.4;
						TestTargetID = F592DA572D10979000F8C4CD;
					};
				};
			};
			buildConfigurationList = F592DA532D10979000F8C4CD /* Build configuration list for PBXProject "drawlots" */;
			compatibilityVersion = "Xcode 14.0";
			developmentRegion = en;
			hasScannedForEncodings = 0;
			knownRegions = (
				en,
				Base,
			);
			mainGroup = F592DA4F2D10979000F8C4CD;
			productRefGroup = F592DA592D10979000F8C4CD /* Products */;
			projectDirPath = "";
			projectRoot = "";
			targets = (
				F592DA572D10979000F8C4CD /* drawlots */,
				F592DA672D10979300F8C4CD /* drawlotsTests */,
				F592DA712D10979300F8C4CD /* drawlotsUITests */,
			);
		};
/* End PBXProject section */

/* Begin PBXResourcesBuildPhase section */
		F592DA562D10979000F8C4CD /* Resources */ = {
			isa = PBXResourcesBuildPhase;
			buildActionMask = 2147483647;
			files = (
				F592DA632D10979300F8C4CD /* Preview Assets.xcassets in Resources */,
				F592DA602D10979300F8C4CD /* Assets.xcassets in Resources */,
			);
			runOnlyForDeploymentPostprocessing = 0;
		};
		F592DA662D10979300F8C4CD /* Resources */ = {
			isa = PBXResourcesBuildPhase;
			buildActionMask = 2147483647;
			files = (
			);
			runOnlyForDeploymentPostprocessing = 0;
		};
		F592DA702D10979300F8C4CD /* Resources */ = {
			isa = PBXResourcesBuildPhase;
			buildActionMask = 2147483647;
			files = (
			);
			runOnlyForDeploymentPostprocessing = 0;
		};
/* End PBXResourcesBuildPhase section */

/* Begin PBXSourcesBuildPhase section */
		F592DA542D10979000F8C4CD /* Sources */ = {
			isa = PBXSourcesBuildPhase;
			buildActionMask = 2147483647;
			files = (
				F592DA5E2D10979000F8C4CD /* ContentView.swift in Sources */,
				F592DA5C2D10979000F8C4CD /* drawlotsApp.swift in Sources */,
			);
			runOnlyForDeploymentPostprocessing = 0;
		};
		F592DA642D10979300F8C4CD /* Sources */ = {
			isa = PBXSourcesBuildPhase;
			buildActionMask = 2147483647;
			files = (
				F592DA6D2D10979300F8C4CD /* drawlotsTests.swift in Sources */,
			);
			runOnlyForDeploymentPostprocessing = 0;
		};
		F592DA6E2D10979300F8C4CD /* Sources */ = {
			isa = PBXSourcesBuildPhase;
			buildActionMask = 2147483647;
			files = (
				F592DA792D10979300F8C4CD /* drawlotsUITestsLaunchTests.swift in Sources */,
				F592DA772D10979300F8C4CD /* drawlotsUITests.swift in Sources */,
			);
			runOnlyForDeploymentPostprocessing = 0;
		};
/* End PBXSourcesBuildPhase section */

/* Begin PBXTargetDependency section */
		F592DA6A2D10979300F8C4CD /* PBXTargetDependency */ = {
			isa = PBXTargetDependency;
			target = F592DA572D10979000F8C4CD /* drawlots */;
			targetProxy = F592DA692D10979300F8C4CD /* PBXContainerItemProxy */;
		};
		F592DA742D10979300F8C4CD /* PBXTargetDependency */ = {
			isa = PBXTargetDependency;
			target = F592DA572D10979000F8C4CD /* drawlots */;
			targetProxy = F592DA732D10979300F8C4CD /* PBXContainerItemProxy */;
		};
/* End PBXTargetDependency section */

/* Begin XCBuildConfiguration section */
		F592DA7A2D10979300F8C4CD /* Debug */ = {
			isa = XCBuildConfiguration;
			buildSettings = {
				ALWAYS_SEARCH_USER_PATHS = NO;
				ASSETCATALOG_COMPILER_GENERATE_SWIFT_ASSET_SYMBOL_EXTENSIONS = YES;
				CLANG_ANALYZER_NONNULL = YES;
				CLANG_ANALYZER_NUMBER_OBJECT_CONVERSION = YES_AGGRESSIVE;
				CLANG_CXX_LANGUAGE_STANDARD = "gnu++20";
				CLANG_ENABLE_MODULES = YES;
				CLANG_ENABLE_OBJC_ARC = YES;
				CLANG_ENABLE_OBJC_WEAK = YES;
				CLANG_WARN_BLOCK_CAPTURE_AUTORELEASING = YES;
				CLANG_WARN_BOOL_CONVERSION = YES;
				CLANG_WARN_COMMA = YES;
				CLANG_WARN_CONSTANT_CONVERSION = YES;
				CLANG_WARN_DEPRECATED_OBJC_IMPLEMENTATIONS = YES;
				CLANG_WARN_DIRECT_OBJC_ISA_USAGE = YES_ERROR;
				CLANG_WARN_DOCUMENTATION_COMMENTS = YES;
				CLANG_WARN_EMPTY_BODY = YES;
				CLANG_WARN_ENUM_CONVERSION = YES;
				CLANG_WARN_INFINITE_RECURSION = YES;
				CLANG_WARN_INT_CONVERSION = YES;
				CLANG_WARN_NON_LITERAL_NULL_CONVERSION = YES;
				CLANG_WARN_OBJC_IMPLICIT_RETAIN_SELF = YES;
				CLANG_WARN_OBJC_LITERAL_CONVERSION = YES;
				CLANG_WARN_OBJC_ROOT_CLASS = YES_ERROR;
				CLANG_WARN_QUOTED_INCLUDE_IN_FRAMEWORK_HEADER = YES;
				CLANG_WARN_RANGE_LOOP_ANALYSIS = YES;
				CLANG_WARN_STRICT_PROTOTYPES = YES;
				CLANG_WARN_SUSPICIOUS_MOVE = YES;
				CLANG_WARN_UNGUARDED_AVAILABILITY = YES_AGGRESSIVE;
				CLANG_WARN_UNREACHABLE_CODE = YES;
				CLANG_WARN__DUPLICATE_METHOD_MATCH = YES;
				COPY_PHASE_STRIP = NO;
				DEBUG_INFORMATION_FORMAT = dwarf;
				ENABLE_STRICT_OBJC_MSGSEND = YES;
				ENABLE_TESTABILITY = YES;
				ENABLE_USER_SCRIPT_SANDBOXING = YES;
				GCC_C_LANGUAGE_STANDARD = gnu17;
				GCC_DYNAMIC_NO_PIC = NO;
				GCC_NO_COMMON_BLOCKS = YES;
				GCC_OPTIMIZATION_LEVEL = 0;
				GCC_PREPROCESSOR_DEFINITIONS = (
					"DEBUG=1",
					"$(inherited)",
				);
				GCC_WARN_64_TO_32_BIT_CONVERSION = YES;
				GCC_WARN_ABOUT_RETURN_TYPE = YES_ERROR;
				GCC_WARN_UNDECLARED_SELECTOR = YES;
				GCC_WARN_UNINITIALIZED_AUTOS = YES_AGGRESSIVE;
				GCC_WARN_UNUSED_FUNCTION = YES;
				GCC_WARN_UNUSED_VARIABLE = YES;
				IPHONEOS_DEPLOYMENT_TARGET = 17.5;
				LOCALIZATION_PREFERS_STRING_CATALOGS = YES;
				MTL_ENABLE_DEBUG_INFO = INCLUDE_SOURCE;
				MTL_FAST_MATH = YES;
				ONLY_ACTIVE_ARCH = YES;
				SDKROOT = iphoneos;
				SWIFT_ACTIVE_COMPILATION_CONDITIONS = "DEBUG $(inherited)";
				SWIFT_OPTIMIZATION_LEVEL = "-Onone";
			};
			name = Debug;
		};
		F592DA7B2D10979300F8C4CD /* Release */ = {
			isa = XCBuildConfiguration;
			buildSettings = {
				ALWAYS_SEARCH_USER_PATHS = NO;
				ASSETCATALOG_COMPILER_GENERATE_SWIFT_ASSET_SYMBOL_EXTENSIONS = YES;
				CLANG_ANALYZER_NONNULL = YES;
				CLANG_ANALYZER_NUMBER_OBJECT_CONVERSION = YES_AGGRESSIVE;
				CLANG_CXX_LANGUAGE_STANDARD = "gnu++20";
				CLANG_ENABLE_MODULES = YES;
				CLANG_ENABLE_OBJC_ARC = YES;
				CLANG_ENABLE_OBJC_WEAK = YES;
				CLANG_WARN_BLOCK_CAPTURE_AUTORELEASING = YES;
				CLANG_WARN_BOOL_CONVERSION = YES;
				CLANG_WARN_COMMA = YES;
				CLANG_WARN_CONSTANT_CONVERSION = YES;
				CLANG_WARN_DEPRECATED_OBJC_IMPLEMENTATIONS = YES;
				CLANG_WARN_DIRECT_OBJC_ISA_USAGE = YES_ERROR;
				CLANG_WARN_DOCUMENTATION_COMMENTS = YES;
				CLANG_WARN_EMPTY_BODY = YES;
				CLANG_WARN_ENUM_CONVERSION = YES;
				CLANG_WARN_INFINITE_RECURSION = YES;
				CLANG_WARN_INT_CONVERSION = YES;
				CLANG_WARN_NON_LITERAL_NULL_CONVERSION = YES;
				CLANG_WARN_OBJC_IMPLICIT_RETAIN_SELF = YES;
				CLANG_WARN_OBJC_LITERAL_CONVERSION = YES;
				CLANG_WARN_OBJC_ROOT_CLASS = YES_ERROR;
				CLANG_WARN_QUOTED_INCLUDE_IN_FRAMEWORK_HEADER = YES;
				CLANG_WARN_RANGE_LOOP_ANALYSIS = YES;
				CLANG_WARN_STRICT_PROTOTYPES = YES;
				CLANG_WARN_SUSPICIOUS_MOVE = YES;
				CLANG_WARN_UNGUARDED_AVAILABILITY = YES_AGGRESSIVE;
				CLANG_WARN_UNREACHABLE_CODE = YES;
				CLANG_WARN__DUPLICATE_METHOD_MATCH = YES;
				COPY_PHASE_STRIP = NO;
				DEBUG_INFORMATION_FORMAT = "dwarf-with-dsym";
				ENABLE_NS_ASSERTIONS = NO;
				ENABLE_STRICT_OBJC_MSGSEND = YES;
				ENABLE_USER_SCRIPT_SANDBOXING = YES;
				GCC_C_LANGUAGE_STANDARD = gnu17;
				GCC_NO_COMMON_BLOCKS = YES;
				GCC_WARN_64_TO_32_BIT_CONVERSION = YES;
				GCC_WARN_ABOUT_RETURN_TYPE = YES_ERROR;
				GCC_WARN_UNDECLARED_SELECTOR = YES;
				GCC_WARN_UNINITIALIZED_AUTOS = YES_AGGRESSIVE;
				GCC_WARN_UNUSED_FUNCTION = YES;
				GCC_WARN_UNUSED_VARIABLE = YES;
				IPHONEOS_DEPLOYMENT_TARGET = 17.5;
				LOCALIZATION_PREFERS_STRING_CATALOGS = YES;
				MTL_ENABLE_DEBUG_INFO = NO;
				MTL_FAST_MATH = YES;
				SDKROOT = iphoneos;
				SWIFT_COMPILATION_MODE = wholemodule;
				VALIDATE_PRODUCT = YES;
			};
			name = Release;
		};
		F592DA7D2D10979300F8C4CD /* Debug */ = {
			isa = XCBuildConfiguration;
			buildSettings = {
				ASSETCATALOG_COMPILER_APPICON_NAME = AppIcon;
				ASSETCATALOG_COMPILER_GLOBAL_ACCENT_COLOR_NAME = AccentColor;
				CODE_SIGN_STYLE = Automatic;
				CURRENT_PROJECT_VERSION = 1;
				DEVELOPMENT_ASSET_PATHS = "\"drawlots/Preview Content\"";
				ENABLE_PREVIEWS = YES;
				GENERATE_INFOPLIST_FILE = YES;
				INFOPLIST_KEY_UIApplicationSceneManifest_Generation = YES;
				INFOPLIST_KEY_UIApplicationSupportsIndirectInputEvents = YES;
				INFOPLIST_KEY_UILaunchScreen_Generation = YES;
				INFOPLIST_KEY_UISupportedInterfaceOrientations_iPad = "UIInterfaceOrientationPortrait UIInterfaceOrientationPortraitUpsideDown UIInterfaceOrientationLandscapeLeft UIInterfaceOrientationLandscapeRight";
				INFOPLIST_KEY_UISupportedInterfaceOrientations_iPhone = "UIInterfaceOrientationPortrait UIInterfaceOrientationLandscapeLeft UIInterfaceOrientationLandscapeRight";
				LD_RUNPATH_SEARCH_PATHS = (
					"$(inherited)",
					"@executable_path/Frameworks",
				);
				MARKETING_VERSION = 1.0;
				PRODUCT_BUNDLE_IDENTIFIER = fcu.drawlots;
				PRODUCT_NAME = "$(TARGET_NAME)";
				SWIFT_EMIT_LOC_STRINGS = YES;
				SWIFT_VERSION = 5.0;
				TARGETED_DEVICE_FAMILY = "1,2";
			};
			name = Debug;
		};
		F592DA7E2D10979300F8C4CD /* Release */ = {
			isa = XCBuildConfiguration;
			buildSettings = {
				ASSETCATALOG_COMPILER_APPICON_NAME = AppIcon;
				ASSETCATALOG_COMPILER_GLOBAL_ACCENT_COLOR_NAME = AccentColor;
				CODE_SIGN_STYLE = Automatic;
				CURRENT_PROJECT_VERSION = 1;
				DEVELOPMENT_ASSET_PATHS = "\"drawlots/Preview Content\"";
				ENABLE_PREVIEWS = YES;
				GENERATE_INFOPLIST_FILE = YES;
				INFOPLIST_KEY_UIApplicationSceneManifest_Generation = YES;
				INFOPLIST_KEY_UIApplicationSupportsIndirectInputEvents = YES;
				INFOPLIST_KEY_UILaunchScreen_Generation = YES;
				INFOPLIST_KEY_UISupportedInterfaceOrientations_iPad = "UIInterfaceOrientationPortrait UIInterfaceOrientationPortraitUpsideDown UIInterfaceOrientationLandscapeLeft UIInterfaceOrientationLandscapeRight";
				INFOPLIST_KEY_UISupportedInterfaceOrientations_iPhone = "UIInterfaceOrientationPortrait UIInterfaceOrientationLandscapeLeft UIInterfaceOrientationLandscapeRight";
				LD_RUNPATH_SEARCH_PATHS = (
					"$(inherited)",
					"@executable_path/Frameworks",
				);
				MARKETING_VERSION = 1.0;
				PRODUCT_BUNDLE_IDENTIFIER = fcu.drawlots;
				PRODUCT_NAME = "$(TARGET_NAME)";
				SWIFT_EMIT_LOC_STRINGS = YES;
				SWIFT_VERSION = 5.0;
				TARGETED_DEVICE_FAMILY = "1,2";
			};
			name = Release;
		};
		F592DA802D10979300F8C4CD /* Debug */ = {
			isa = XCBuildConfiguration;
			buildSettings = {
				ALWAYS_EMBED_SWIFT_STANDARD_LIBRARIES = YES;
				BUNDLE_LOADER = "$(TEST_HOST)";
				CODE_SIGN_STYLE = Automatic;
				CURRENT_PROJECT_VERSION = 1;
				GENERATE_INFOPLIST_FILE = YES;
				IPHONEOS_DEPLOYMENT_TARGET = 17.5;
				MARKETING_VERSION = 1.0;
				PRODUCT_BUNDLE_IDENTIFIER = fcu.drawlotsTests;
				PRODUCT_NAME = "$(TARGET_NAME)";
				SWIFT_EMIT_LOC_STRINGS = NO;
				SWIFT_VERSION = 5.0;
				TARGETED_DEVICE_FAMILY = "1,2";
				TEST_HOST = "$(BUILT_PRODUCTS_DIR)/drawlots.app/$(BUNDLE_EXECUTABLE_FOLDER_PATH)/drawlots";
			};
			name = Debug;
		};
		F592DA812D10979300F8C4CD /* Release */ = {
			isa = XCBuildConfiguration;
			buildSettings = {
				ALWAYS_EMBED_SWIFT_STANDARD_LIBRARIES = YES;
				BUNDLE_LOADER = "$(TEST_HOST)";
				CODE_SIGN_STYLE = Automatic;
				CURRENT_PROJECT_VERSION = 1;
				GENERATE_INFOPLIST_FILE = YES;
				IPHONEOS_DEPLOYMENT_TARGET = 17.5;
				MARKETING_VERSION = 1.0;
				PRODUCT_BUNDLE_IDENTIFIER = fcu.drawlotsTests;
				PRODUCT_NAME = "$(TARGET_NAME)";
				SWIFT_EMIT_LOC_STRINGS = NO;
				SWIFT_VERSION = 5.0;
				TARGETED_DEVICE_FAMILY = "1,2";
				TEST_HOST = "$(BUILT_PRODUCTS_DIR)/drawlots.app/$(BUNDLE_EXECUTABLE_FOLDER_PATH)/drawlots";
			};
			name = Release;
		};
		F592DA832D10979300F8C4CD /* Debug */ = {
			isa = XCBuildConfiguration;
			buildSettings = {
				ALWAYS_EMBED_SWIFT_STANDARD_LIBRARIES = YES;
				CODE_SIGN_STYLE = Automatic;
				CURRENT_PROJECT_VERSION = 1;
				GENERATE_INFOPLIST_FILE = YES;
				MARKETING_VERSION = 1.0;
				PRODUCT_BUNDLE_IDENTIFIER = fcu.drawlotsUITests;
				PRODUCT_NAME = "$(TARGET_NAME)";
				SWIFT_EMIT_LOC_STRINGS = NO;
				SWIFT_VERSION = 5.0;
				TARGETED_DEVICE_FAMILY = "1,2";
				TEST_TARGET_NAME = drawlots;
			};
			name = Debug;
		};
		F592DA842D10979300F8C4CD /* Release */ = {
			isa = XCBuildConfiguration;
			buildSettings = {
				ALWAYS_EMBED_SWIFT_STANDARD_LIBRARIES = YES;
				CODE_SIGN_STYLE = Automatic;
				CURRENT_PROJECT_VERSION = 1;
				GENERATE_INFOPLIST_FILE = YES;
				MARKETING_VERSION = 1.0;
				PRODUCT_BUNDLE_IDENTIFIER = fcu.drawlotsUITests;
				PRODUCT_NAME = "$(TARGET_NAME)";
				SWIFT_EMIT_LOC_STRINGS = NO;
				SWIFT_VERSION = 5.0;
				TARGETED_DEVICE_FAMILY = "1,2";
				TEST_TARGET_NAME = drawlots;
			};
			name = Release;
		};
/* End XCBuildConfiguration section */

/* Begin XCConfigurationList section */
		F592DA532D10979000F8C4CD /* Build configuration list for PBXProject "drawlots" */ = {
			isa = XCConfigurationList;
			buildConfigurations = (
				F592DA7A2D10979300F8C4CD /* Debug */,
				F592DA7B2D10979300F8C4CD /* Release */,
			);
			defaultConfigurationIsVisible = 0;
			defaultConfigurationName = Release;
		};
		F592DA7C2D10979300F8C4CD /* Build configuration list for PBXNativeTarget "drawlots" */ = {
			isa = XCConfigurationList;
			buildConfigurations = (
				F592DA7D2D10979300F8C4CD /* Debug */,
				F592DA7E2D10979300F8C4CD /* Release */,
			);
			defaultConfigurationIsVisible = 0;
			defaultConfigurationName = Release;
		};
		F592DA7F2D10979300F8C4CD /* Build configuration list for PBXNativeTarget "drawlotsTests" */ = {
			isa = XCConfigurationList;
			buildConfigurations = (
				F592DA802D10979300F8C4CD /* Debug */,
				F592DA812D10979300F8C4CD /* Release */,
			);
			defaultConfigurationIsVisible = 0;
			defaultConfigurationName = Release;
		};
		F592DA822D10979300F8C4CD /* Build configuration list for PBXNativeTarget "drawlotsUITests" */ = {
			isa = XCConfigurationList;
			buildConfigurations = (
				F592DA832D10979300F8C4CD /* Debug */,
				F592DA842D10979300F8C4CD /* Release */,
			);
			defaultConfigurationIsVisible = 0;
			defaultConfigurationName = Release;
		};
/* End XCConfigurationList section */
	};
	rootObject = F592DA502D10979000F8C4CD /* Project object */;
}
